
Microsoft Visual Studio Solution File, Format Version 12.00
# Visual Studio Version 17
VisualStudioVersion = 17.5.002.0
MinimumVisualStudioVersion = 10.0.40219.1
Project("{2150E333-8FDC-42A3-9474-1A3956D46DE8}") = "prepare", "prepare", "{129AE35B-CB05-4952-B7F5-9FA613A7CDE6}"
EndProject
Project("{9A19103F-16F7-4668-BE54-9A1E7A4F7556}") = "Learning02", "prepare\Learning02\Learning02.csproj", "{C02DB86D-1B7D-4979-9ECA-3EE1069F5650}"
EndProject
Project("{9A19103F-16F7-4668-BE54-9A1E7A4F7556}") = "Learning05", "prepare\Learning05\Learning05.csproj", "{1C151546-D77D-45B9-ACAC-2F375B5C9797}"
EndProject
Project("{9A19103F-16F7-4668-BE54-9A1E7A4F7556}") = "Learning04", "prepare\Learning04\Learning04.csproj", "{C9C860EC-ACEC-45A4-87FD-F69C288C8EAE}"
EndProject
Project("{9A19103F-16F7-4668-BE54-9A1E7A4F7556}") = "Learning03", "prepare\Learning03\Learning03.csproj", "{550850CA-55DC-406D-95D7-048ED127C4D4}"
EndProject
Project("{2150E333-8FDC-42A3-9474-1A3956D46DE8}") = "prove", "prove", "{DE3D7932-4218-4A03-ADEF-DC890AD11488}"
EndProject
Project("{9A19103F-16F7-4668-BE54-9A1E7A4F7556}") = "Develop03", "prove\Develop03\Develop03.csproj", "{BF978193-9488-46B3-8627-4618693ADCC8}"
EndProject
Project("{9A19103F-16F7-4668-BE54-9A1E7A4F7556}") = "Develop04", "prove\Develop04\Develop04.csproj", "{8F61F7BA-0ABD-4B7F-8062-DFEFD6C567DB}"
EndProject
Project("{9A19103F-16F7-4668-BE54-9A1E7A4F7556}") = "Develop05", "prove\Develop05\Develop05.csproj", "{EBA9DB22-2B78-4967-9033-1EF2F0F3C5DD}"
EndProject
Project("{9A19103F-16F7-4668-BE54-9A1E7A4F7556}") = "Develop02", "prove\Develop02\Develop02.csproj", "{840E23BE-87E4-45DC-89B1-445B94DC8D39}"
EndProject
Project("{2150E333-8FDC-42A3-9474-1A3956D46DE8}") = "sandbox", "sandbox", "{F6E7290F-C29F-41A8-815C-03355EC02E48}"
EndProject
Project("{9A19103F-16F7-4668-BE54-9A1E7A4F7556}") = "Sandbox", "sandbox\Sandbox\Sandbox.csproj", "{BB2E8C28-8697-402E-9EF1-DD9837B72301}"
EndProject
Project("{2150E333-8FDC-42A3-9474-1A3956D46DE8}") = "final", "final", "{CB49A9DC-4A8B-4EBA-A4C8-5B3659D24B1D}"
EndProject
Project("{9A19103F-16F7-4668-BE54-9A1E7A4F7556}") = "FinalProject", "final\FinalProject\FinalProject.csproj", "{F10D445C-C0F4-42BD-9CD2-357302CF45D8}"
EndProject
Project("{9A19103F-16F7-4668-BE54-9A1E7A4F7556}") = "Foundation1", "final\Foundation1\Foundation1.csproj", "{AEB4888D-B371-4A7B-B755-C7D4FFD13013}"
EndProject
Project("{9A19103F-16F7-4668-BE54-9A1E7A4F7556}") = "Foundation4", "final\Foundation4\Foundation4.csproj", "{7C4B58EC-5A3A-4AF2-85BE-FE3AD88CCAED}"
EndProject
Project("{9A19103F-16F7-4668-BE54-9A1E7A4F7556}") = "Foundation3", "final\Foundation3\Foundation3.csproj", "{CD19029B-74F5-4BC7-ABC2-8E6C1F566A80}"
EndProject
Project("{9A19103F-16F7-4668-BE54-9A1E7A4F7556}") = "Foundation2", "final\Foundation2\Foundation2.csproj", "{7EFDC515-1220-48D7-8B20-33A63AC4E886}"
EndProject
Project("{2150E333-8FDC-42A3-9474-1A3956D46DE8}") = "csharp-prep", "csharp-prep", "{9A3E41DD-1680-4774-92BB-33C60025F8A7}"
EndProject
Project("{9A19103F-16F7-4668-BE54-9A1E7A4F7556}") = "Prep1", "csharp-prep\Prep1\Prep1.csproj", "{4B88E27C-6EC0-440C-AE66-F764A587699A}"
EndProject
Project("{9A19103F-16F7-4668-BE54-9A1E7A4F7556}") = "Prep5", "csharp-prep\Prep5\Prep5.csproj", "{3C16101F-5B16-4B54-9E19-DB8A32CA3773}"
EndProject
Project("{9A19103F-16F7-4668-BE54-9A1E7A4F7556}") = "Prep2", "csharp-prep\Prep2\Prep2.csproj", "{1CDCBCF2-B569-4E14-9395-A8FB7C3AF8D2}"
EndProject
Project("{9A19103F-16F7-4668-BE54-9A1E7A4F7556}") = "Prep3", "csharp-prep\Prep3\Prep3.csproj", "{CA0E7FE2-3010-4567-9FD3-0B924D2918FB}"
EndProject
Project("{9A19103F-16F7-4668-BE54-9A1E7A4F7556}") = "Prep4", "csharp-prep\Prep4\Prep4.csproj", "{D48522B8-E927-4A03-9C2D-4DB4E98756EB}"
EndProject
Global
	GlobalSection(SolutionConfigurationPlatforms) = preSolution
		Debug|Any CPU = Debug|Any CPU
		Release|Any CPU = Release|Any CPU
	EndGlobalSection
	GlobalSection(ProjectConfigurationPlatforms) = postSolution
		{C02DB86D-1B7D-4979-9ECA-3EE1069F5650}.Debug|Any CPU.ActiveCfg = Debug|Any CPU
		{C02DB86D-1B7D-4979-9ECA-3EE1069F5650}.Debug|Any CPU.Build.0 = Debug|Any CPU
		{C02DB86D-1B7D-4979-9ECA-3EE1069F5650}.Release|Any CPU.ActiveCfg = Release|Any CPU
		{C02DB86D-1B7D-4979-9ECA-3EE1069F5650}.Release|Any CPU.Build.0 = Release|Any CPU
		{1C151546-D77D-45B9-ACAC-2F375B5C9797}.Debug|Any CPU.ActiveCfg = Debug|Any CPU
		{1C151546-D77D-45B9-ACAC-2F375B5C9797}.Debug|Any CPU.Build.0 = Debug|Any CPU
		{1C151546-D77D-45B9-ACAC-2F375B5C9797}.Release|Any CPU.ActiveCfg = Release|Any CPU
		{1C151546-D77D-45B9-ACAC-2F375B5C9797}.Release|Any CPU.Build.0 = Release|Any CPU
		{C9C860EC-ACEC-45A4-87FD-F69C288C8EAE}.Debug|Any CPU.ActiveCfg = Debug|Any CPU
		{C9C860EC-ACEC-45A4-87FD-F69C288C8EAE}.Debug|Any CPU.Build.0 = Debug|Any CPU
		{C9C860EC-ACEC-45A4-87FD-F69C288C8EAE}.Release|Any CPU.ActiveCfg = Release|Any CPU
		{C9C860EC-ACEC-45A4-87FD-F69C288C8EAE}.Release|Any CPU.Build.0 = Release|Any CPU
		{550850CA-55DC-406D-95D7-048ED127C4D4}.Debug|Any CPU.ActiveCfg = Debug|Any CPU
		{550850CA-55DC-406D-95D7-048ED127C4D4}.Debug|Any CPU.Build.0 = Debug|Any CPU
		{550850CA-55DC-406D-95D7-048ED127C4D4}.Release|Any CPU.ActiveCfg = Release|Any CPU
		{550850CA-55DC-406D-95D7-048ED127C4D4}.Release|Any CPU.Build.0 = Release|Any CPU
		{BF978193-9488-46B3-8627-4618693ADCC8}.Debug|Any CPU.ActiveCfg = Debug|Any CPU
		{BF978193-9488-46B3-8627-4618693ADCC8}.Debug|Any CPU.Build.0 = Debug|Any CPU
		{BF978193-9488-46B3-8627-4618693ADCC8}.Release|Any CPU.ActiveCfg = Release|Any CPU
		{BF978193-9488-46B3-8627-4618693ADCC8}.Release|Any CPU.Build.0 = Release|Any CPU
		{8F61F7BA-0ABD-4B7F-8062-DFEFD6C567DB}.Debug|Any CPU.ActiveCfg = Debug|Any CPU
		{8F61F7BA-0ABD-4B7F-8062-DFEFD6C567DB}.Debug|Any CPU.Build.0 = Debug|Any CPU
		{8F61F7BA-0ABD-4B7F-8062-DFEFD6C567DB}.Release|Any CPU.ActiveCfg = Release|Any CPU
		{8F61F7BA-0ABD-4B7F-8062-DFEFD6C567DB}.Release|Any CPU.Build.0 = Release|Any CPU
		{EBA9DB22-2B78-4967-9033-1EF2F0F3C5DD}.Debug|Any CPU.ActiveCfg = Debug|Any CPU
		{EBA9DB22-2B78-4967-9033-1EF2F0F3C5DD}.Debug|Any CPU.Build.0 = Debug|Any CPU
		{EBA9DB22-2B78-4967-9033-1EF2F0F3C5DD}.Release|Any CPU.ActiveCfg = Release|Any CPU
		{EBA9DB22-2B78-4967-9033-1EF2F0F3C5DD}.Release|Any CPU.Build.0 = Release|Any CPU
		{840E23BE-87E4-45DC-89B1-445B94DC8D39}.Debug|Any CPU.ActiveCfg = Debug|Any CPU
		{840E23BE-87E4-45DC-89B1-445B94DC8D39}.Debug|Any CPU.Build.0 = Debug|Any CPU
		{840E23BE-87E4-45DC-89B1-445B94DC8D39}.Release|Any CPU.ActiveCfg = Release|Any CPU
		{840E23BE-87E4-45DC-89B1-445B94DC8D39}.Release|Any CPU.Build.0 = Release|Any CPU
		{BB2E8C28-8697-402E-9EF1-DD9837B72301}.Debug|Any CPU.ActiveCfg = Debug|Any CPU
		{BB2E8C28-8697-402E-9EF1-DD9837B72301}.Debug|Any CPU.Build.0 = Debug|Any CPU
		{BB2E8C28-8697-402E-9EF1-DD9837B72301}.Release|Any CPU.ActiveCfg = Release|Any CPU
		{BB2E8C28-8697-402E-9EF1-DD9837B72301}.Release|Any CPU.Build.0 = Release|Any CPU
		{F10D445C-C0F4-42BD-9CD2-357302CF45D8}.Debug|Any CPU.ActiveCfg = Debug|Any CPU
		{F10D445C-C0F4-42BD-9CD2-357302CF45D8}.Debug|Any CPU.Build.0 = Debug|Any CPU
		{F10D445C-C0F4-42BD-9CD2-357302CF45D8}.Release|Any CPU.ActiveCfg = Release|Any CPU
		{F10D445C-C0F4-42BD-9CD2-357302CF45D8}.Release|Any CPU.Build.0 = Release|Any CPU
		{AEB4888D-B371-4A7B-B755-C7D4FFD13013}.Debug|Any CPU.ActiveCfg = Debug|Any CPU
		{AEB4888D-B371-4A7B-B755-C7D4FFD13013}.Debug|Any CPU.Build.0 = Debug|Any CPU
		{AEB4888D-B371-4A7B-B755-C7D4FFD13013}.Release|Any CPU.ActiveCfg = Release|Any CPU
		{AEB4888D-B371-4A7B-B755-C7D4FFD13013}.Release|Any CPU.Build.0 = Release|Any CPU
		{7C4B58EC-5A3A-4AF2-85BE-FE3AD88CCAED}.Debug|Any CPU.ActiveCfg = Debug|Any CPU
		{7C4B58EC-5A3A-4AF2-85BE-FE3AD88CCAED}.Debug|Any CPU.Build.0 = Debug|Any CPU
		{7C4B58EC-5A3A-4AF2-85BE-FE3AD88CCAED}.Release|Any CPU.ActiveCfg = Release|Any CPU
		{7C4B58EC-5A3A-4AF2-85BE-FE3AD88CCAED}.Release|Any CPU.Build.0 = Release|Any CPU
		{CD19029B-74F5-4BC7-ABC2-8E6C1F566A80}.Debug|Any CPU.ActiveCfg = Debug|Any CPU
		{CD19029B-74F5-4BC7-ABC2-8E6C1F566A80}.Debug|Any CPU.Build.0 = Debug|Any CPU
		{CD19029B-74F5-4BC7-ABC2-8E6C1F566A80}.Release|Any CPU.ActiveCfg = Release|Any CPU
		{CD19029B-74F5-4BC7-ABC2-8E6C1F566A80}.Release|Any CPU.Build.0 = Release|Any CPU
		{7EFDC515-1220-48D7-8B20-33A63AC4E886}.Debug|Any CPU.ActiveCfg = Debug|Any CPU
		{7EFDC515-1220-48D7-8B20-33A63AC4E886}.Debug|Any CPU.Build.0 = Debug|Any CPU
		{7EFDC515-1220-48D7-8B20-33A63AC4E886}.Release|Any CPU.ActiveCfg = Release|Any CPU
		{7EFDC515-1220-48D7-8B20-33A63AC4E886}.Release|Any CPU.Build.0 = Release|Any CPU
		{4B88E27C-6EC0-440C-AE66-F764A587699A}.Debug|Any CPU.ActiveCfg = Debug|Any CPU
		{4B88E27C-6EC0-440C-AE66-F764A587699A}.Debug|Any CPU.Build.0 = Debug|Any CPU
		{4B88E27C-6EC0-440C-AE66-F764A587699A}.Release|Any CPU.ActiveCfg = Release|Any CPU
		{4B88E27C-6EC0-440C-AE66-F764A587699A}.Release|Any CPU.Build.0 = Release|Any CPU
		{3C16101F-5B16-4B54-9E19-DB8A32CA3773}.Debug|Any CPU.ActiveCfg = Debug|Any CPU
		{3C16101F-5B16-4B54-9E19-DB8A32CA3773}.Debug|Any CPU.Build.0 = Debug|Any CPU
		{3C16101F-5B16-4B54-9E19-DB8A32CA3773}.Release|Any CPU.ActiveCfg = Release|Any CPU
		{3C16101F-5B16-4B54-9E19-DB8A32CA3773}.Release|Any CPU.Build.0 = Release|Any CPU
		{1CDCBCF2-B569-4E14-9395-A8FB7C3AF8D2}.Debug|Any CPU.ActiveCfg = Debug|Any CPU
		{1CDCBCF2-B569-4E14-9395-A8FB7C3AF8D2}.Debug|Any CPU.Build.0 = Debug|Any CPU
		{1CDCBCF2-B569-4E14-9395-A8FB7C3AF8D2}.Release|Any CPU.ActiveCfg = Release|Any CPU
		{1CDCBCF2-B569-4E14-9395-A8FB7C3AF8D2}.Release|Any CPU.Build.0 = Release|Any CPU
		{CA0E7FE2-3010-4567-9FD3-0B924D2918FB}.Debug|Any CPU.ActiveCfg = Debug|Any CPU
		{CA0E7FE2-3010-4567-9FD3-0B924D2918FB}.Debug|Any CPU.Build.0 = Debug|Any CPU
		{CA0E7FE2-3010-4567-9FD3-0B924D2918FB}.Release|Any CPU.ActiveCfg = Release|Any CPU
		{CA0E7FE2-3010-4567-9FD3-0B924D2918FB}.Release|Any CPU.Build.0 = Release|Any CPU
		{D48522B8-E927-4A03-9C2D-4DB4E98756EB}.Debug|Any CPU.ActiveCfg = Debug|Any CPU
		{D48522B8-E927-4A03-9C2D-4DB4E98756EB}.Debug|Any CPU.Build.0 = Debug|Any CPU
		{D48522B8-E927-4A03-9C2D-4DB4E98756EB}.Release|Any CPU.ActiveCfg = Release|Any CPU
		{D48522B8-E927-4A03-9C2D-4DB4E98756EB}.Release|Any CPU.Build.0 = Release|Any CPU
	EndGlobalSection
	GlobalSection(SolutionProperties) = preSolution
		HideSolutionNode = FALSE
	EndGlobalSection
	GlobalSection(NestedProjects) = preSolution
		{C02DB86D-1B7D-4979-9ECA-3EE1069F5650} = {129AE35B-CB05-4952-B7F5-9FA613A7CDE6}
		{1C151546-D77D-45B9-ACAC-2F375B5C9797} = {129AE35B-CB05-4952-B7F5-9FA613A7CDE6}
		{C9C860EC-ACEC-45A4-87FD-F69C288C8EAE} = {129AE35B-CB05-4952-B7F5-9FA613A7CDE6}
		{550850CA-55DC-406D-95D7-048ED127C4D4} = {129AE35B-CB05-4952-B7F5-9FA613A7CDE6}
		{BF978193-9488-46B3-8627-4618693ADCC8} = {DE3D7932-4218-4A03-ADEF-DC890AD11488}
		{8F61F7BA-0ABD-4B7F-8062-DFEFD6C567DB} = {DE3D7932-4218-4A03-ADEF-DC890AD11488}
		{EBA9DB22-2B78-4967-9033-1EF2F0F3C5DD} = {DE3D7932-4218-4A03-ADEF-DC890AD11488}
		{840E23BE-87E4-45DC-89B1-445B94DC8D39} = {DE3D7932-4218-4A03-ADEF-DC890AD11488}
		{BB2E8C28-8697-402E-9EF1-DD9837B72301} = {F6E7290F-C29F-41A8-815C-03355EC02E48}
		{F10D445C-C0F4-42BD-9CD2-357302CF45D8} = {CB49A9DC-4A8B-4EBA-A4C8-5B3659D24B1D}
		{AEB4888D-B371-4A7B-B755-C7D4FFD13013} = {CB49A9DC-4A8B-4EBA-A4C8-5B3659D24B1D}
		{7C4B58EC-5A3A-4AF2-85BE-FE3AD88CCAED} = {CB49A9DC-4A8B-4EBA-A4C8-5B3659D24B1D}
		{CD19029B-74F5-4BC7-ABC2-8E6C1F566A80} = {CB49A9DC-4A8B-4EBA-A4C8-5B3659D24B1D}
		{7EFDC515-1220-48D7-8B20-33A63AC4E886} = {CB49A9DC-4A8B-4EBA-A4C8-5B3659D24B1D}
		{4B88E27C-6EC0-440C-AE66-F764A587699A} = {9A3E41DD-1680-4774-92BB-33C60025F8A7}
		{3C16101F-5B16-4B54-9E19-DB8A32CA3773} = {9A3E41DD-1680-4774-92BB-33C60025F8A7}
		{1CDCBCF2-B569-4E14-9395-A8FB7C3AF8D2} = {9A3E41DD-1680-4774-92BB-33C60025F8A7}
		{CA0E7FE2-3010-4567-9FD3-0B924D2918FB} = {9A3E41DD-1680-4774-92BB-33C60025F8A7}
		{D48522B8-E927-4A03-9C2D-4DB4E98756EB} = {9A3E41DD-1680-4774-92BB-33C60025F8A7}
	EndGlobalSection
	GlobalSection(ExtensibilityGlobals) = postSolution
		SolutionGuid = {CCE8510B-18EE-4D2B-94EC-D2969F536D71}
	EndGlobalSection
EndGlobal
